
Microsoft Visual Studio Solution File, Format Version 12.00
# Visual Studio Version 17
VisualStudioVersion = 17.9.34701.34
MinimumVisualStudioVersion = 10.0.40219.1
Project("{FAE04EC0-301F-11D3-BF4B-00C04F79EFBC}") = "ConsoleApp1", "ConsoleApp1\ConsoleApp1.csproj", "{354B1D0A-76DD-43C3-8129-CEC83DC39133}"
EndProject
Global
	GlobalSection(SolutionConfigurationPlatforms) = preSolution
		Debug|Any CPU = Debug|Any CPU
		Release|Any CPU = Release|Any CPU
	EndGlobalSection
	GlobalSection(ProjectConfigurationPlatforms) = postSolution
		{354B1D0A-76DD-43C3-8129-CEC83DC39133}.Debug|Any CPU.ActiveCfg = Debug|Any CPU
		{354B1D0A-76DD-43C3-8129-CEC83DC39133}.Debug|Any CPU.Build.0 = Debug|Any CPU
		{354B1D0A-76DD-43C3-8129-CEC83DC39133}.Release|Any CPU.ActiveCfg = Release|Any CPU
		{354B1D0A-76DD-43C3-8129-CEC83DC39133}.Release|Any CPU.Build.0 = Release|Any CPU
	EndGlobalSection
	GlobalSection(SolutionProperties) = preSolution
		HideSolutionNode = FALSE
	EndGlobalSection
	GlobalSection(ExtensibilityGlobals) = postSolution
		SolutionGuid = {67FB1A3D-FFC6-497A-81CE-7A777417DB71}
	EndGlobalSection
EndGlobal
